{
  "name": "2023.djangocon.africa",
  "lockfileVersion": 2,
  "requires": true,
  "packages": {
    "": {
      "dependencies": {
        "country-list": "^2.3.0"
      }
    },
    "node_modules/country-list": {
      "version": "2.3.0",
      "resolved": "https://registry.npmjs.org/country-list/-/country-list-2.3.0.tgz",
      "integrity": "sha512-qZk66RlmQm7fQjMYWku1AyjlKPogjPEorAZJG88owPExoPV8EsyCcuFLvO2afTXHEhi9liVOoyd+5A6ZS5QwaA=="
    }
  },
  "dependencies": {
    "country-list": {
      "version": "2.3.0",
      "resolved": "https://registry.npmjs.org/country-list/-/country-list-2.3.0.tgz",
      "integrity": "sha512-qZk66RlmQm7fQjMYWku1AyjlKPogjPEorAZJG88owPExoPV8EsyCcuFLvO2afTXHEhi9liVOoyd+5A6ZS5QwaA=="
    }
  }
}
